# Generated by pub
# See https://dart.dev/tools/pub/glossary#lockfile
packages:
  animations:
    dependency: "direct dev"
    description:
      name: animations
      sha256: d3d6dcfb218225bbe68e87ccf6378bbb2e32a94900722c5f81611dad089911cb
      url: "https://pub.flutter-io.cn"
    source: hosted
    version: "2.0.11"
  archive:
    dependency: transitive
    description:
      name: archive
      sha256: "22600aa1e926be775fa5fe7e6894e7fb3df9efda8891c73f70fb3262399a432d"
      url: "https://pub.flutter-io.cn"
    source: hosted
    version: "3.4.10"
  async:
    dependency: transitive
    description:
      name: async
      sha256: "947bfcf187f74dbc5e146c9eb9c0f10c9f8b30743e341481c1e2ed3ecc18c20c"
      url: "https://pub.flutter-io.cn"
    source: hosted
    version: "2.11.0"
  boolean_selector:
    dependency: transitive
    description:
      name: boolean_selector
      sha256: "6cfb5af12253eaf2b368f07bacc5a80d1301a071c73360d746b7f2e32d762c66"
      url: "https://pub.flutter-io.cn"
    source: hosted
    version: "2.1.1"
  bordered_text:
    dependency: "direct main"
    description:
      name: bordered_text
      sha256: e52c549c9d01fdf6359eee7220900eb5a5853b08aa862c8c604442918ca6b4c4
      url: "https://pub.flutter-io.cn"
    source: hosted
    version: "2.0.0"
  camera:
    dependency: "direct main"
    description:
      name: camera
      sha256: "9499cbc2e51d8eb0beadc158b288380037618ce4e30c9acbc4fae1ac3ecb5797"
      url: "https://pub.flutter-io.cn"
    source: hosted
    version: "0.10.5+9"
  camera_android:
    dependency: transitive
    description:
      name: camera_android
      sha256: "15a6543878a41c141807ffab496f66b7fef6da0f23372f5513fc6349e60f437e"
      url: "https://pub.flutter-io.cn"
    source: hosted
    version: "0.10.8+17"
  camera_avfoundation:
    dependency: transitive
    description:
      name: camera_avfoundation
      sha256: "8b113e43ee4434c9244c03c905432a0d5956cedaded3cd7381abaab89ce50297"
      url: "https://pub.flutter-io.cn"
    source: hosted
    version: "0.9.14+1"
  camera_platform_interface:
    dependency: transitive
    description:
      name: camera_platform_interface
      sha256: a250314a48ea337b35909a4c9d5416a208d736dcb01d0b02c6af122be66660b0
      url: "https://pub.flutter-io.cn"
    source: hosted
    version: "2.7.4"
  camera_web:
    dependency: transitive
    description:
      name: camera_web
      sha256: f18ccfb33b2a7c49a52ad5aa3f07330b7422faaecbdfd9b9fe8e51182f6ad67d
      url: "https://pub.flutter-io.cn"
    source: hosted
    version: "0.3.2+4"
  characters:
    dependency: transitive
    description:
      name: characters
      sha256: "04a925763edad70e8443c99234dc3328f442e811f1d8fd1a72f1c8ad0f69a605"
      url: "https://pub.flutter-io.cn"
    source: hosted
    version: "1.3.0"
  clock:
    dependency: transitive
    description:
      name: clock
      sha256: cb6d7f03e1de671e34607e909a7213e31d7752be4fb66a86d29fe1eb14bfb5cf
      url: "https://pub.flutter-io.cn"
    source: hosted
    version: "1.1.1"
  collection:
    dependency: transitive
    description:
      name: collection
      sha256: ee67cb0715911d28db6bf4af1026078bd6f0128b07a5f66fb2ed94ec6783c09a
      url: "https://pub.flutter-io.cn"
    source: hosted
    version: "1.18.0"
  contained_tab_bar_view:
    dependency: "direct main"
    description:
      name: contained_tab_bar_view
      sha256: "87e35f47992764e45ab6205493f2f90c1e3fac4ad84f2b2285b73414727b756e"
      url: "https://pub.flutter-io.cn"
    source: hosted
    version: "0.8.0"
  container_tab_indicator:
    dependency: transitive
    description:
      name: container_tab_indicator
      sha256: b0bdd73bb495c31c5711cefa363511b10bb3ebcfc007b603a2599401ebe6b2d9
      url: "https://pub.flutter-io.cn"
    source: hosted
    version: "0.3.0"
  convert:
    dependency: transitive
    description:
      name: convert
      sha256: "0f08b14755d163f6e2134cb58222dd25ea2a2ee8a195e53983d57c075324d592"
      url: "https://pub.flutter-io.cn"
    source: hosted
    version: "3.1.1"
  cross_file:
    dependency: transitive
    description:
      name: cross_file
      sha256: "55d7b444feb71301ef6b8838dbc1ae02e63dd48c8773f3810ff53bb1e2945b32"
      url: "https://pub.flutter-io.cn"
    source: hosted
    version: "0.3.4+1"
  crypto:
    dependency: transitive
    description:
      name: crypto
      sha256: ff625774173754681d66daaf4a448684fb04b78f902da9cb3d308c19cc5e8bab
      url: "https://pub.flutter-io.cn"
    source: hosted
    version: "3.0.3"
  csslib:
    dependency: transitive
    description:
      name: csslib
      sha256: "706b5707578e0c1b4b7550f64078f0a0f19dec3f50a178ffae7006b0a9ca58fb"
      url: "https://pub.flutter-io.cn"
    source: hosted
    version: "1.0.0"
  cupertino_icons:
    dependency: "direct main"
    description:
      name: cupertino_icons
      sha256: d57953e10f9f8327ce64a508a355f0b1ec902193f66288e8cb5070e7c47eeb2d
      url: "https://pub.flutter-io.cn"
    source: hosted
    version: "1.0.6"
  dropdown_button2:
    dependency: "direct main"
    description:
      name: dropdown_button2
      sha256: b0fe8d49a030315e9eef6c7ac84ca964250155a6224d491c1365061bc974a9e1
      url: "https://pub.flutter-io.cn"
    source: hosted
    version: "2.3.9"
  extended_list:
    dependency: transitive
    description:
      name: extended_list
      sha256: b27a2f0f55dadbf5b273bdaaf9307a7e0098a9fc0c4b8eb60ae98c319af596bc
      url: "https://pub.flutter-io.cn"
    source: hosted
    version: "3.0.1"
  extended_list_library:
    dependency: transitive
    description:
      name: extended_list_library
      sha256: cb424a04464e89bd6737f9ae025029bd8e913c7bf37101ad10c2defe0238d842
      url: "https://pub.flutter-io.cn"
    source: hosted
    version: "3.0.0"
  fake_async:
    dependency: transitive
    description:
      name: fake_async
      sha256: "511392330127add0b769b75a987850d136345d9227c6b94c96a04cf4a391bf78"
      url: "https://pub.flutter-io.cn"
    source: hosted
    version: "1.3.1"
  ff_annotation_route_core:
    dependency: transitive
    description:
      name: ff_annotation_route_core
      sha256: c34f49f91982e7e92aa327b76a8db4c0bfae6242ff6029adfc8dea456c3dd504
      url: "https://pub.flutter-io.cn"
    source: hosted
    version: "2.0.7"
  ff_annotation_route_library:
    dependency: "direct main"
    description:
      name: ff_annotation_route_library
      sha256: "79e9f2b9986071893e8c3557391e1605a51fda9f9970bb183b5bfd0de83e18c8"
      url: "https://pub.flutter-io.cn"
    source: hosted
    version: "3.0.0"
  ffi:
    dependency: "direct main"
    description:
      name: ffi
      sha256: "493f37e7df1804778ff3a53bd691d8692ddf69702cf4c1c1096a2e41b4779e21"
      url: "https://pub.flutter-io.cn"
    source: hosted
    version: "2.1.2"
  flutter:
    dependency: "direct main"
    description: flutter
    source: sdk
    version: "0.0.0"
  flutter_lints:
    dependency: "direct dev"
    description:
      name: flutter_lints
      sha256: a25a15ebbdfc33ab1cd26c63a6ee519df92338a9c10f122adda92938253bef04
      url: "https://pub.flutter-io.cn"
    source: hosted
    version: "2.0.3"
  flutter_plugin_android_lifecycle:
    dependency: transitive
    description:
      name: flutter_plugin_android_lifecycle
      sha256: b068ffc46f82a55844acfa4fdbb61fad72fa2aef0905548419d97f0f95c456da
      url: "https://pub.flutter-io.cn"
    source: hosted
    version: "2.0.17"
  flutter_rating_bar:
    dependency: "direct dev"
    description:
      name: flutter_rating_bar
      sha256: d2af03469eac832c591a1eba47c91ecc871fe5708e69967073c043b2d775ed93
      url: "https://pub.flutter-io.cn"
    source: hosted
    version: "4.0.1"
  flutter_swiper_plus:
    dependency: "direct main"
    description:
      name: flutter_swiper_plus
      sha256: cf2e39b230c570f6bdb87f8a19d1c94be47441ffacb09ddc371c7a628e0dbe6a
      url: "https://pub.flutter-io.cn"
    source: hosted
    version: "2.0.4"
  flutter_test:
    dependency: "direct dev"
    description: flutter
    source: sdk
    version: "0.0.0"
  flutter_web_plugins:
    dependency: transitive
    description: flutter
    source: sdk
    version: "0.0.0"
  font_awesome_flutter:
    dependency: "direct dev"
    description:
      name: font_awesome_flutter
      sha256: "275ff26905134bcb59417cf60ad979136f1f8257f2f449914b2c3e05bbb4cd6f"
      url: "https://pub.flutter-io.cn"
    source: hosted
    version: "10.7.0"
  html:
    dependency: transitive
    description:
      name: html
      sha256: "3a7812d5bcd2894edf53dfaf8cd640876cf6cef50a8f238745c8b8120ea74d3a"
      url: "https://pub.flutter-io.cn"
    source: hosted
    version: "0.15.4"
  html_unescape:
    dependency: transitive
    description:
      name: html_unescape
      sha256: "15362d7a18f19d7b742ef8dcb811f5fd2a2df98db9f80ea393c075189e0b61e3"
      url: "https://pub.flutter-io.cn"
    source: hosted
    version: "2.0.0"
  image:
    dependency: "direct main"
    description:
      name: image
      sha256: "4c68bfd5ae83e700b5204c1e74451e7bf3cf750e6843c6e158289cf56bda018e"
      url: "https://pub.flutter-io.cn"
    source: hosted
    version: "4.1.7"
  intl:
    dependency: "direct dev"
    description:
      name: intl
      sha256: "910f85bce16fb5c6f614e117efa303e85a1731bb0081edf3604a2ae6e9a3cc91"
      url: "https://pub.flutter-io.cn"
    source: hosted
    version: "0.17.0"
  js:
    dependency: transitive
    description:
      name: js
      sha256: c1b2e9b5ea78c45e1a0788d29606ba27dc5f71f019f32ca5140f61ef071838cf
      url: "https://pub.flutter-io.cn"
    source: hosted
    version: "0.7.1"
  leak_tracker:
    dependency: transitive
    description:
      name: leak_tracker
      sha256: "78eb209deea09858f5269f5a5b02be4049535f568c07b275096836f01ea323fa"
      url: "https://pub.flutter-io.cn"
    source: hosted
    version: "10.0.0"
  leak_tracker_flutter_testing:
    dependency: transitive
    description:
      name: leak_tracker_flutter_testing
      sha256: b46c5e37c19120a8a01918cfaf293547f47269f7cb4b0058f21531c2465d6ef0
      url: "https://pub.flutter-io.cn"
    source: hosted
    version: "2.0.1"
  leak_tracker_testing:
    dependency: transitive
    description:
      name: leak_tracker_testing
      sha256: a597f72a664dbd293f3bfc51f9ba69816f84dcd403cdac7066cb3f6003f3ab47
      url: "https://pub.flutter-io.cn"
    source: hosted
    version: "2.0.1"
  lints:
    dependency: transitive
    description:
      name: lints
      sha256: "0a217c6c989d21039f1498c3ed9f3ed71b354e69873f13a8dfc3c9fe76f1b452"
      url: "https://pub.flutter-io.cn"
    source: hosted
    version: "2.1.1"
  loading_more_list:
    dependency: "direct main"
    description:
      name: loading_more_list
      sha256: "6b49eb935345d6cf291e0367d3c238ef0a525a08b671ee41e09ee67d41888a7a"
      url: "https://pub.flutter-io.cn"
    source: hosted
    version: "6.0.0"
  loading_more_list_library:
    dependency: transitive
    description:
      name: loading_more_list_library
      sha256: de6b57edbab83022180f053ec3f598dd5e1192cfd6a285882b8155e3cb5dc581
      url: "https://pub.flutter-io.cn"
    source: hosted
    version: "3.0.0"
  matcher:
    dependency: transitive
    description:
      name: matcher
      sha256: d2323aa2060500f906aa31a895b4030b6da3ebdcc5619d14ce1aada65cd161cb
      url: "https://pub.flutter-io.cn"
    source: hosted
    version: "0.12.16+1"
  material_color_utilities:
    dependency: transitive
    description:
      name: material_color_utilities
      sha256: "0e0a020085b65b6083975e499759762399b4475f766c21668c4ecca34ea74e5a"
      url: "https://pub.flutter-io.cn"
    source: hosted
    version: "0.8.0"
  meta:
    dependency: transitive
    description:
      name: meta
      sha256: d584fa6707a52763a52446f02cc621b077888fb63b93bbcb1143a7be5a0c0c04
      url: "https://pub.flutter-io.cn"
    source: hosted
    version: "1.11.0"
  path:
    dependency: transitive
    description:
      name: path
      sha256: "087ce49c3f0dc39180befefc60fdb4acd8f8620e5682fe2476afd0b3688bb4af"
      url: "https://pub.flutter-io.cn"
    source: hosted
    version: "1.9.0"
  petitparser:
    dependency: transitive
    description:
      name: petitparser
      sha256: c15605cd28af66339f8eb6fbe0e541bfe2d1b72d5825efc6598f3e0a31b9ad27
      url: "https://pub.flutter-io.cn"
    source: hosted
    version: "6.0.2"
  plugin_platform_interface:
    dependency: transitive
    description:
      name: plugin_platform_interface
      sha256: "4820fbfdb9478b1ebae27888254d445073732dae3d6ea81f0b7e06d5dedc3f02"
      url: "https://pub.flutter-io.cn"
    source: hosted
    version: "2.1.8"
  pointycastle:
    dependency: transitive
    description:
      name: pointycastle
      sha256: "43ac87de6e10afabc85c445745a7b799e04de84cebaa4fd7bf55a5e1e9604d29"
      url: "https://pub.flutter-io.cn"
    source: hosted
    version: "3.7.4"
  pull_to_refresh_notification:
    dependency: "direct main"
    description:
      name: pull_to_refresh_notification
      sha256: "5a06c242a6c3264bac3a7facbe2c6d317a5f54fc10c20b556dbd34ceee32c9aa"
      url: "https://pub.flutter-io.cn"
    source: hosted
    version: "3.1.0"
  searchbar_animation:
    dependency: "direct main"
    description:
      name: searchbar_animation
      sha256: "8c9b82e666dae343f8ec34137da18f0de3f019da42691ec8b2c492ee434cc0ba"
      url: "https://pub.flutter-io.cn"
    source: hosted
    version: "0.0.4"
  simple_html_css:
    dependency: "direct main"
    description:
      name: simple_html_css
      sha256: af730b15c0b37c97a14b6aeceabe68128855c4630dc500030f3c3e176e8fc57f
      url: "https://pub.flutter-io.cn"
    source: hosted
    version: "4.0.0"
  sky_engine:
    dependency: transitive
    description: flutter
    source: sdk
    version: "0.0.99"
  source_span:
    dependency: transitive
    description:
      name: source_span
      sha256: "53e943d4206a5e30df338fd4c6e7a077e02254531b138a15aec3bd143c1a8b3c"
      url: "https://pub.flutter-io.cn"
    source: hosted
    version: "1.10.0"
  stack_trace:
    dependency: transitive
    description:
      name: stack_trace
      sha256: "73713990125a6d93122541237550ee3352a2d84baad52d375a4cad2eb9b7ce0b"
      url: "https://pub.flutter-io.cn"
    source: hosted
    version: "1.11.1"
  stream_channel:
    dependency: transitive
    description:
      name: stream_channel
      sha256: ba2aa5d8cc609d96bbb2899c28934f9e1af5cddbd60a827822ea467161eb54e7
      url: "https://pub.flutter-io.cn"
    source: hosted
    version: "2.1.2"
  stream_transform:
    dependency: transitive
    description:
      name: stream_transform
      sha256: "14a00e794c7c11aa145a170587321aedce29769c08d7f58b1d141da75e3b1c6f"
      url: "https://pub.flutter-io.cn"
    source: hosted
    version: "2.1.0"
  string_scanner:
    dependency: transitive
    description:
      name: string_scanner
      sha256: "556692adab6cfa87322a115640c11f13cb77b3f076ddcc5d6ae3c20242bedcde"
      url: "https://pub.flutter-io.cn"
    source: hosted
    version: "1.2.0"
  term_glyph:
    dependency: transitive
    description:
      name: term_glyph
      sha256: a29248a84fbb7c79282b40b8c72a1209db169a2e0542bce341da992fe1bc7e84
      url: "https://pub.flutter-io.cn"
    source: hosted
    version: "1.2.1"
  test_api:
    dependency: transitive
    description:
      name: test_api
      sha256: "5c2f730018264d276c20e4f1503fd1308dfbbae39ec8ee63c5236311ac06954b"
      url: "https://pub.flutter-io.cn"
    source: hosted
    version: "0.6.1"
  typed_data:
    dependency: transitive
    description:
      name: typed_data
      sha256: facc8d6582f16042dd49f2463ff1bd6e2c9ef9f3d5da3d9b087e244a7b564b3c
      url: "https://pub.flutter-io.cn"
    source: hosted
    version: "1.3.2"
  vector_math:
    dependency: transitive
    description:
      name: vector_math
      sha256: "80b3257d1492ce4d091729e3a67a60407d227c27241d6927be0130c98e741803"
      url: "https://pub.flutter-io.cn"
    source: hosted
    version: "2.1.4"
  video_player:
    dependency: "direct main"
    description:
      name: video_player
      sha256: afc65f4b8bcb2c188f64a591f84fb471f4f2e19fc607c65fd8d2f8fedb3dec23
      url: "https://pub.flutter-io.cn"
    source: hosted
    version: "2.8.3"
  video_player_android:
    dependency: transitive
    description:
      name: video_player_android
      sha256: "4dd9b8b86d70d65eecf3dcabfcdfbb9c9115d244d022654aba49a00336d540c2"
      url: "https://pub.flutter-io.cn"
    source: hosted
    version: "2.4.12"
  video_player_avfoundation:
    dependency: transitive
    description:
      name: video_player_avfoundation
      sha256: "309e3962795e761be010869bae65c0b0e45b5230c5cee1bec72197ca7db040ed"
      url: "https://pub.flutter-io.cn"
    source: hosted
    version: "2.5.6"
  video_player_platform_interface:
    dependency: transitive
    description:
      name: video_player_platform_interface
      sha256: "236454725fafcacf98f0f39af0d7c7ab2ce84762e3b63f2cbb3ef9a7e0550bc6"
      url: "https://pub.flutter-io.cn"
    source: hosted
    version: "6.2.2"
  video_player_web:
    dependency: transitive
    description:
      name: video_player_web
      sha256: "41245cef5ef29c4585dbabcbcbe9b209e34376642c7576cabf11b4ad9289d6e4"
      url: "https://pub.flutter-io.cn"
    source: hosted
    version: "2.3.0"
  vm_service:
    dependency: transitive
    description:
      name: vm_service
      sha256: b3d56ff4341b8f182b96aceb2fa20e3dcb336b9f867bc0eafc0de10f1048e957
      url: "https://pub.flutter-io.cn"
    source: hosted
    version: "13.0.0"
  waterfall_flow:
    dependency: "direct main"
    description:
      name: waterfall_flow
      sha256: "11538b0d890458e55e6248b177732495d20893cfc7e85d7e8dbf4fdce61c9f10"
      url: "https://pub.flutter-io.cn"
    source: hosted
    version: "3.0.3"
  web:
    dependency: transitive
    description:
      name: web
      sha256: "97da13628db363c635202ad97068d47c5b8aa555808e7a9411963c533b449b27"
      url: "https://pub.flutter-io.cn"
    source: hosted
    version: "0.5.1"
  xml:
    dependency: transitive
    description:
      name: xml
      sha256: b015a8ad1c488f66851d762d3090a21c600e479dc75e68328c52774040cf9226
      url: "https://pub.flutter-io.cn"
    source: hosted
    version: "6.5.0"
sdks:
  dart: ">=3.3.0 <4.0.0"
  flutter: ">=3.19.0"
